
Microsoft Visual Studio Solution File, Format Version 12.00
# Visual Studio 15
VisualStudioVersion = 15.0.26124.0
MinimumVisualStudioVersion = 15.0.26124.0
Project("{F2A71F9B-5D33-465A-A702-920D77279786}") = "GiraffeGenerator.Core", "src\GiraffeGenerator.Core\GiraffeGenerator.Core.fsproj", "{A16217A1-F6D4-42F1-B7B1-48B89DF9A66E}"
EndProject
Project("{F2A71F9B-5D33-465A-A702-920D77279786}") = "GiraffeGenerator", "src\GiraffeGenerator\GiraffeGenerator.fsproj", "{9CCC0436-A95B-4CF9-9871-8C702CAEE119}"
EndProject
Project("{F2A71F9B-5D33-465A-A702-920D77279786}") = "Example", "src\Example\Example.fsproj", "{5EEC249F-404B-4011-B7AE-0ACEE99249C4}"
EndProject
Project("{F2A71F9B-5D33-465A-A702-920D77279786}") = "GiraffeGenerator.IntegrationTests", "tests\GiraffeGenerator.IntegrationTests\GiraffeGenerator.IntegrationTests.fsproj", "{96A7CC71-42B5-4EEA-8C82-5548F649FC0B}"
EndProject
Project("{F2A71F9B-5D33-465A-A702-920D77279786}") = "GiraffeGenerator.NugetTests", "tests\GiraffeGenerator.NugetTests\GiraffeGenerator.NugetTests.fsproj", "{78A9E55F-85D1-435C-B292-3E6693852429}"
EndProject
Global
	GlobalSection(SolutionConfigurationPlatforms) = preSolution
		Debug|Any CPU = Debug|Any CPU
		Debug|x64 = Debug|x64
		Debug|x86 = Debug|x86
		Release|Any CPU = Release|Any CPU
		Release|x64 = Release|x64
		Release|x86 = Release|x86
	EndGlobalSection
	GlobalSection(SolutionProperties) = preSolution
		HideSolutionNode = FALSE
	EndGlobalSection
	GlobalSection(ProjectConfigurationPlatforms) = postSolution
		{A16217A1-F6D4-42F1-B7B1-48B89DF9A66E}.Debug|Any CPU.ActiveCfg = Debug|Any CPU
		{A16217A1-F6D4-42F1-B7B1-48B89DF9A66E}.Debug|Any CPU.Build.0 = Debug|Any CPU
		{A16217A1-F6D4-42F1-B7B1-48B89DF9A66E}.Debug|x64.ActiveCfg = Debug|Any CPU
		{A16217A1-F6D4-42F1-B7B1-48B89DF9A66E}.Debug|x64.Build.0 = Debug|Any CPU
		{A16217A1-F6D4-42F1-B7B1-48B89DF9A66E}.Debug|x86.ActiveCfg = Debug|Any CPU
		{A16217A1-F6D4-42F1-B7B1-48B89DF9A66E}.Debug|x86.Build.0 = Debug|Any CPU
		{A16217A1-F6D4-42F1-B7B1-48B89DF9A66E}.Release|Any CPU.ActiveCfg = Release|Any CPU
		{A16217A1-F6D4-42F1-B7B1-48B89DF9A66E}.Release|Any CPU.Build.0 = Release|Any CPU
		{A16217A1-F6D4-42F1-B7B1-48B89DF9A66E}.Release|x64.ActiveCfg = Release|Any CPU
		{A16217A1-F6D4-42F1-B7B1-48B89DF9A66E}.Release|x64.Build.0 = Release|Any CPU
		{A16217A1-F6D4-42F1-B7B1-48B89DF9A66E}.Release|x86.ActiveCfg = Release|Any CPU
		{A16217A1-F6D4-42F1-B7B1-48B89DF9A66E}.Release|x86.Build.0 = Release|Any CPU
		{9CCC0436-A95B-4CF9-9871-8C702CAEE119}.Debug|Any CPU.ActiveCfg = Debug|Any CPU
		{9CCC0436-A95B-4CF9-9871-8C702CAEE119}.Debug|Any CPU.Build.0 = Debug|Any CPU
		{9CCC0436-A95B-4CF9-9871-8C702CAEE119}.Debug|x64.ActiveCfg = Debug|Any CPU
		{9CCC0436-A95B-4CF9-9871-8C702CAEE119}.Debug|x64.Build.0 = Debug|Any CPU
		{9CCC0436-A95B-4CF9-9871-8C702CAEE119}.Debug|x86.ActiveCfg = Debug|Any CPU
		{9CCC0436-A95B-4CF9-9871-8C702CAEE119}.Debug|x86.Build.0 = Debug|Any CPU
		{9CCC0436-A95B-4CF9-9871-8C702CAEE119}.Release|Any CPU.ActiveCfg = Release|Any CPU
		{9CCC0436-A95B-4CF9-9871-8C702CAEE119}.Release|Any CPU.Build.0 = Release|Any CPU
		{9CCC0436-A95B-4CF9-9871-8C702CAEE119}.Release|x64.ActiveCfg = Release|Any CPU
		{9CCC0436-A95B-4CF9-9871-8C702CAEE119}.Release|x64.Build.0 = Release|Any CPU
		{9CCC0436-A95B-4CF9-9871-8C702CAEE119}.Release|x86.ActiveCfg = Release|Any CPU
		{9CCC0436-A95B-4CF9-9871-8C702CAEE119}.Release|x86.Build.0 = Release|Any CPU
		{5EEC249F-404B-4011-B7AE-0ACEE99249C4}.Debug|Any CPU.ActiveCfg = Debug|Any CPU
		{5EEC249F-404B-4011-B7AE-0ACEE99249C4}.Debug|Any CPU.Build.0 = Debug|Any CPU
		{5EEC249F-404B-4011-B7AE-0ACEE99249C4}.Debug|x64.ActiveCfg = Debug|Any CPU
		{5EEC249F-404B-4011-B7AE-0ACEE99249C4}.Debug|x64.Build.0 = Debug|Any CPU
		{5EEC249F-404B-4011-B7AE-0ACEE99249C4}.Debug|x86.ActiveCfg = Debug|Any CPU
		{5EEC249F-404B-4011-B7AE-0ACEE99249C4}.Debug|x86.Build.0 = Debug|Any CPU
		{5EEC249F-404B-4011-B7AE-0ACEE99249C4}.Release|Any CPU.ActiveCfg = Release|Any CPU
		{5EEC249F-404B-4011-B7AE-0ACEE99249C4}.Release|Any CPU.Build.0 = Release|Any CPU
		{5EEC249F-404B-4011-B7AE-0ACEE99249C4}.Release|x64.ActiveCfg = Release|Any CPU
		{5EEC249F-404B-4011-B7AE-0ACEE99249C4}.Release|x64.Build.0 = Release|Any CPU
		{5EEC249F-404B-4011-B7AE-0ACEE99249C4}.Release|x86.ActiveCfg = Release|Any CPU
		{5EEC249F-404B-4011-B7AE-0ACEE99249C4}.Release|x86.Build.0 = Release|Any CPU
		{96A7CC71-42B5-4EEA-8C82-5548F649FC0B}.Debug|Any CPU.ActiveCfg = Debug|Any CPU
		{96A7CC71-42B5-4EEA-8C82-5548F649FC0B}.Debug|Any CPU.Build.0 = Debug|Any CPU
		{96A7CC71-42B5-4EEA-8C82-5548F649FC0B}.Debug|x64.ActiveCfg = Debug|Any CPU
		{96A7CC71-42B5-4EEA-8C82-5548F649FC0B}.Debug|x64.Build.0 = Debug|Any CPU
		{96A7CC71-42B5-4EEA-8C82-5548F649FC0B}.Debug|x86.ActiveCfg = Debug|Any CPU
		{96A7CC71-42B5-4EEA-8C82-5548F649FC0B}.Debug|x86.Build.0 = Debug|Any CPU
		{96A7CC71-42B5-4EEA-8C82-5548F649FC0B}.Release|Any CPU.ActiveCfg = Release|Any CPU
		{96A7CC71-42B5-4EEA-8C82-5548F649FC0B}.Release|Any CPU.Build.0 = Release|Any CPU
		{96A7CC71-42B5-4EEA-8C82-5548F649FC0B}.Release|x64.ActiveCfg = Release|Any CPU
		{96A7CC71-42B5-4EEA-8C82-5548F649FC0B}.Release|x64.Build.0 = Release|Any CPU
		{96A7CC71-42B5-4EEA-8C82-5548F649FC0B}.Release|x86.ActiveCfg = Release|Any CPU
		{96A7CC71-42B5-4EEA-8C82-5548F649FC0B}.Release|x86.Build.0 = Release|Any CPU
		{78A9E55F-85D1-435C-B292-3E6693852429}.Debug|Any CPU.ActiveCfg = Debug|Any CPU
		{78A9E55F-85D1-435C-B292-3E6693852429}.Debug|Any CPU.Build.0 = Debug|Any CPU
		{78A9E55F-85D1-435C-B292-3E6693852429}.Debug|x64.ActiveCfg = Debug|Any CPU
		{78A9E55F-85D1-435C-B292-3E6693852429}.Debug|x64.Build.0 = Debug|Any CPU
		{78A9E55F-85D1-435C-B292-3E6693852429}.Debug|x86.ActiveCfg = Debug|Any CPU
		{78A9E55F-85D1-435C-B292-3E6693852429}.Debug|x86.Build.0 = Debug|Any CPU
		{78A9E55F-85D1-435C-B292-3E6693852429}.Release|Any CPU.ActiveCfg = Release|Any CPU
		{78A9E55F-85D1-435C-B292-3E6693852429}.Release|Any CPU.Build.0 = Release|Any CPU
		{78A9E55F-85D1-435C-B292-3E6693852429}.Release|x64.ActiveCfg = Release|Any CPU
		{78A9E55F-85D1-435C-B292-3E6693852429}.Release|x64.Build.0 = Release|Any CPU
		{78A9E55F-85D1-435C-B292-3E6693852429}.Release|x86.ActiveCfg = Release|Any CPU
		{78A9E55F-85D1-435C-B292-3E6693852429}.Release|x86.Build.0 = Release|Any CPU
	EndGlobalSection
EndGlobal
